<?xml version="1.0" encoding="utf-8"?>
<Project ToolsVersion="4.0" xmlns="http://schemas.microsoft.com/developer/msbuild/2003">
  <ItemGroup>
    <Filter Include="Source Files">
      <UniqueIdentifier>{4FC737F1-C7A5-4376-A066-2A32D752A2FF}</UniqueIdentifier>
      <Extensions>cpp;c;cc;cxx;def;odl;idl;hpj;bat;asm;asmx</Extensions>
    </Filter>
    <Filter Include="Header Files">
      <UniqueIdentifier>{93995380-89BD-4b04-88EB-625FBE52EBFB}</UniqueIdentifier>
      <Extensions>h;hh;hpp;hxx;hm;inl;inc;ipp;xsd</Extensions>
    </Filter>
    <Filter Include="Resource Files">
      <UniqueIdentifier>{67DA6AB6-F800-4c08-8B7A-83BB121AAD01}</UniqueIdentifier>
      <Extensions>rc;ico;cur;bmp;dlg;rc2;rct;bin;rgs;gif;jpg;jpeg;jpe;resx;tiff;tif;png;wav;mfcribbon-ms</Extensions>
    </Filter>
  </ItemGroup>
  <ItemGroup>
    <ClInclude Include="..\..\charset.h">
      <Filter>Header Files</Filter>
    </ClInclude>
    <ClInclude Include="..\..\cmd.h">
      <Filter>Header Files</Filter>
    </ClInclude>
    <ClInclude Include="..\..\funcs.h">
      <Filter>Header Files</Filter>
    </ClInclude>
    <ClInclude Include="..\..\less.h">
      <Filter>Header Files</Filter>
    </ClInclude>
    <ClInclude Include="..\..\lglob.h">
      <Filter>Header Files</Filter>
    </ClInclude>
    <ClInclude Include="..\..\option.h">
      <Filter>Header Files</Filter>
    </ClInclude>
    <ClInclude Include="..\..\pattern.h">
      <Filter>Header Files</Filter>
    </ClInclude>
    <ClInclude Include="..\..\pckeys.h">
      <Filter>Header Files</Filter>
    </ClInclude>
    <ClInclude Include="..\..\position.h">
      <Filter>Header Files</Filter>
    </ClInclude>
    <ClInclude Include="..\..\regexp.h">
      <Filter>Header Files</Filter>
    </ClInclude>
    <ClInclude Include="..\..\xbuf.h">
      <Filter>Header Files</Filter>
    </ClInclude>
    <ClInclude Include="..\..\lang.h">
      <Filter>Header Files</Filter>
    </ClInclude>
  </ItemGroup>
  <ItemGroup>
    <ClCompile Include="..\..\brac.c">
      <Filter>Source Files</Filter>
    </ClCompile>
    <ClCompile Include="..\..\ch.c">
      <Filter>Source Files</Filter>
    </ClCompile>
    <ClCompile Include="..\..\charset.c">
      <Filter>Source Files</Filter>
    </ClCompile>
    <ClCompile Include="..\..\cmdbuf.c">
      <Filter>Source Files</Filter>
    </ClCompile>
    <ClCompile Include="..\..\command.c">
      <Filter>Source Files</Filter>
    </ClCompile>
    <ClCompile Include="..\..\cvt.c">
      <Filter>Source Files</Filter>
    </ClCompile>
    <ClCompile Include="..\..\decode.c">
      <Filter>Source Files</Filter>
    </ClCompile>
    <ClCompile Include="..\..\edit.c">
      <Filter>Source Files</Filter>
    </ClCompile>
    <ClCompile Include="..\..\filename.c">
      <Filter>Source Files</Filter>
    </ClCompile>
    <ClCompile Include="..\..\forwback.c">
      <Filter>Source Files</Filter>
    </ClCompile>
    <ClCompile Include="..\..\help.c">
      <Filter>Source Files</Filter>
    </ClCompile>
    <ClCompile Include="..\..\ifile.c">
      <Filter>Source Files</Filter>
    </ClCompile>
    <ClCompile Include="..\..\input.c">
      <Filter>Source Files</Filter>
    </ClCompile>
    <ClCompile Include="..\..\jump.c">
      <Filter>Source Files</Filter>
    </ClCompile>
    <ClCompile Include="..\..\line.c">
      <Filter>Source Files</Filter>
    </ClCompile>
    <ClCompile Include="..\..\linenum.c">
      <Filter>Source Files</Filter>
    </ClCompile>
    <ClCompile Include="..\..\lsystem.c">
      <Filter>Source Files</Filter>
    </ClCompile>
    <ClCompile Include="..\..\main.c">
      <Filter>Source Files</Filter>
    </ClCompile>
    <ClCompile Include="..\..\mark.c">
      <Filter>Source Files</Filter>
    </ClCompile>
    <ClCompile Include="..\..\optfunc.c">
      <Filter>Source Files</Filter>
    </ClCompile>
    <ClCompile Include="..\..\option.c">
      <Filter>Source Files</Filter>
    </ClCompile>
    <ClCompile Include="..\..\opttbl.c">
      <Filter>Source Files</Filter>
    </ClCompile>
    <ClCompile Include="..\..\os.c">
      <Filter>Source Files</Filter>
    </ClCompile>
    <ClCompile Include="..\..\output.c">
      <Filter>Source Files</Filter>
    </ClCompile>
    <ClCompile Include="..\..\pattern.c">
      <Filter>Source Files</Filter>
    </ClCompile>
    <ClCompile Include="..\..\position.c">
      <Filter>Source Files</Filter>
    </ClCompile>
    <ClCompile Include="..\..\prompt.c">
      <Filter>Source Files</Filter>
    </ClCompile>
    <ClCompile Include="..\..\regexp.c">
      <Filter>Source Files</Filter>
    </ClCompile>
    <ClCompile Include="..\..\screen.c">
      <Filter>Source Files</Filter>
    </ClCompile>
    <ClCompile Include="..\..\search.c">
      <Filter>Source Files</Filter>
    </ClCompile>
    <ClCompile Include="..\..\signal.c">
      <Filter>Source Files</Filter>
    </ClCompile>
    <ClCompile Include="..\..\tags.c">
      <Filter>Source Files</Filter>
    </ClCompile>
    <ClCompile Include="..\..\ttyin.c">
      <Filter>Source Files</Filter>
    </ClCompile>
    <ClCompile Include="..\..\version.c">
      <Filter>Source Files</Filter>
    </ClCompile>
    <ClCompile Include="..\..\xbuf.c">
      <Filter>Source Files</Filter>
    </ClCompile>
    <ClCompile Include="..\..\lesskey_parse.c">
      <Filter>Source Files</Filter>
    </ClCompile>
    <ClCompile Include="..\..\evar.c">
      <Filter>Source Files</Filter>
    </ClCompile>
  </ItemGroup>
  <ItemGroup>
    <ResourceCompile Include="..\..\win32\less.rc">
      <Filter>Resource Files</Filter>
    </ResourceCompile>
  </ItemGroup>
</Project>